
Microsoft Visual Studio Solution File, Format Version 12.00
# Visual Studio Version 17
VisualStudioVersion = 17.8.34322.80
MinimumVisualStudioVersion = 10.0.40219.1
Project("{FAE04EC0-301F-11D3-BF4B-00C04F79EFBC}") = "KlikkerSpill", "KlikkerSpill.csproj", "{7DBE2D08-AE16-4DB3-88B6-ED535D4888CF}"
EndProject
Global
	GlobalSection(SolutionConfigurationPlatforms) = preSolution
		Debug|Any CPU = Debug|Any CPU
		Release|Any CPU = Release|Any CPU
	EndGlobalSection
	GlobalSection(ProjectConfigurationPlatforms) = postSolution
		{7DBE2D08-AE16-4DB3-88B6-ED535D4888CF}.Debug|Any CPU.ActiveCfg = Debug|Any CPU
		{7DBE2D08-AE16-4DB3-88B6-ED535D4888CF}.Debug|Any CPU.Build.0 = Debug|Any CPU
		{7DBE2D08-AE16-4DB3-88B6-ED535D4888CF}.Release|Any CPU.ActiveCfg = Release|Any CPU
		{7DBE2D08-AE16-4DB3-88B6-ED535D4888CF}.Release|Any CPU.Build.0 = Release|Any CPU
	EndGlobalSection
	GlobalSection(SolutionProperties) = preSolution
		HideSolutionNode = FALSE
	EndGlobalSection
	GlobalSection(ExtensibilityGlobals) = postSolution
		SolutionGuid = {F4A49B48-A9A7-4720-9D22-DB6696B3473B}
	EndGlobalSection
EndGlobal
